
Microsoft Visual Studio Solution File, Format Version 12.00
# Visual Studio 15
VisualStudioVersion = 15.0.28307.136
MinimumVisualStudioVersion = 10.0.40219.1
Project("{9A19103F-16F7-4668-BE54-9A1E7A4F7556}") = "RanSelectModel", "RanSelectModel\RanSelectModel.csproj", "{D4984E1B-7D9D-451F-BFBF-153F08E38FD4}"
EndProject
Global
	GlobalSection(SolutionConfigurationPlatforms) = preSolution
		Debug|Any CPU = Debug|Any CPU
		Release|Any CPU = Release|Any CPU
	EndGlobalSection
	GlobalSection(ProjectConfigurationPlatforms) = postSolution
		{D4984E1B-7D9D-451F-BFBF-153F08E38FD4}.Debug|Any CPU.ActiveCfg = Debug|Any CPU
		{D4984E1B-7D9D-451F-BFBF-153F08E38FD4}.Debug|Any CPU.Build.0 = Debug|Any CPU
		{D4984E1B-7D9D-451F-BFBF-153F08E38FD4}.Release|Any CPU.ActiveCfg = Release|Any CPU
		{D4984E1B-7D9D-451F-BFBF-153F08E38FD4}.Release|Any CPU.Build.0 = Release|Any CPU
	EndGlobalSection
	GlobalSection(SolutionProperties) = preSolution
		HideSolutionNode = FALSE
	EndGlobalSection
	GlobalSection(ExtensibilityGlobals) = postSolution
		SolutionGuid = {7209F97D-7690-44A4-BEB5-E027A0C5035F}
	EndGlobalSection
EndGlobal
